<?xml version="1.0" encoding="utf-8"?>
<Project ToolsVersion="4.0" xmlns="http://schemas.microsoft.com/developer/msbuild/2003">
  <ItemGroup>
    <Filter Include="Source Files">
      <UniqueIdentifier>{4FC737F1-C7A5-4376-A066-2A32D752A2FF}</UniqueIdentifier>
      <Extensions>cpp;c;cc;cxx;c++;cppm;ixx;def;odl;idl;hpj;bat;asm;asmx</Extensions>
    </Filter>
    <Filter Include="Header Files">
      <UniqueIdentifier>{93995380-89BD-4b04-88EB-625FBE52EBFB}</UniqueIdentifier>
      <Extensions>h;hh;hpp;hxx;h++;hm;inl;inc;ipp;xsd</Extensions>
    </Filter>
    <Filter Include="Resource Files">
      <UniqueIdentifier>{67DA6AB6-F800-4c08-8B7A-83BB121AAD01}</UniqueIdentifier>
      <Extensions>rc;ico;cur;bmp;dlg;rc2;rct;bin;rgs;gif;jpg;jpeg;jpe;resx;tiff;tif;png;wav;mfcribbon-ms</Extensions>
    </Filter>
    <Filter Include="Header Files\Game">
      <UniqueIdentifier>{a920de3f-908e-4f92-8987-05c54ef311c4}</UniqueIdentifier>
    </Filter>
    <Filter Include="Source Files\Game">
      <UniqueIdentifier>{5728c3d3-8ed7-4d6b-9321-02ccd57e88ec}</UniqueIdentifier>
    </Filter>
    <Filter Include="Header Files\Game\Title">
      <UniqueIdentifier>{38bdb304-f0e4-4420-ae2b-84b7e02080f3}</UniqueIdentifier>
    </Filter>
    <Filter Include="Source Files\Game\Title">
      <UniqueIdentifier>{3a70bb28-6120-4f99-b3fa-a51d104086f5}</UniqueIdentifier>
    </Filter>
    <Filter Include="Source Files\Game\FilesManager">
      <UniqueIdentifier>{36053be5-60c0-4bae-b709-9c18f0e686be}</UniqueIdentifier>
    </Filter>
    <Filter Include="Header Files\Game\FilesManager">
      <UniqueIdentifier>{41c3003b-653d-425a-9a89-cad56b6eb9f1}</UniqueIdentifier>
    </Filter>
    <Filter Include="Header Files\Game\UI">
      <UniqueIdentifier>{6856fbb8-31c8-4f60-adeb-1bf76a2d3786}</UniqueIdentifier>
    </Filter>
    <Filter Include="Header Files\Game\Object">
      <UniqueIdentifier>{4e198f3c-c271-4006-9d51-faea28580504}</UniqueIdentifier>
    </Filter>
    <Filter Include="Source Files\Game\Object">
      <UniqueIdentifier>{aaa33bc6-4557-4d82-8e8f-ed8d04140e79}</UniqueIdentifier>
    </Filter>
    <Filter Include="Header Files\Game\Script">
      <UniqueIdentifier>{e063bca1-5643-4c23-8565-0734f9dc2db6}</UniqueIdentifier>
    </Filter>
    <Filter Include="Source Files\Game\Script">
      <UniqueIdentifier>{438720e3-5502-4ac9-ba4c-6fed16c46afa}</UniqueIdentifier>
    </Filter>
    <Filter Include="Header Files\Game\Object\Equipment">
      <UniqueIdentifier>{592e3569-8f72-483e-81a4-eb2ad325b4f0}</UniqueIdentifier>
    </Filter>
    <Filter Include="Source Files\Game\Object\Equipment">
      <UniqueIdentifier>{2c1eb169-d2ef-48ed-b6cf-30cb93f0e502}</UniqueIdentifier>
    </Filter>
    <Filter Include="Header Files\Game\Object\Equipment\Agricultural">
      <UniqueIdentifier>{e11e3ef9-a236-48e3-be8a-7cdd779aa4b4}</UniqueIdentifier>
    </Filter>
    <Filter Include="Source Files\Game\Object\Equipment\Agricultural">
      <UniqueIdentifier>{3bdaded9-9ad7-4637-b9a8-371eb91b0d3e}</UniqueIdentifier>
    </Filter>
    <Filter Include="Header Files\Game\Object\Player">
      <UniqueIdentifier>{b240ba1e-18d6-4647-b25b-85311a3c5e4f}</UniqueIdentifier>
    </Filter>
    <Filter Include="Source Files\Game\Object\Player">
      <UniqueIdentifier>{74d14b7e-fba1-425d-99d9-37d56ad14639}</UniqueIdentifier>
    </Filter>
  </ItemGroup>
  <ItemGroup>
    <ClCompile Include="Game\Title\GameTitle.cpp">
      <Filter>Source Files\Game\Title</Filter>
    </ClCompile>
    <ClCompile Include="Game\FilesManager\FilesManager.cpp">
      <Filter>Source Files\Game\FilesManager</Filter>
    </ClCompile>
    <ClCompile Include="Game\main.cpp">
      <Filter>Source Files</Filter>
    </ClCompile>
    <ClCompile Include="Game\Object\Player\Player.cpp">
      <Filter>Source Files\Game\Object\Player</Filter>
    </ClCompile>
  </ItemGroup>
  <ItemGroup>
    <ClInclude Include="Game\Title\GameTitle.h">
      <Filter>Header Files\Game\Title</Filter>
    </ClInclude>
    <ClInclude Include="Game\FilesManager\FilesManager.h">
      <Filter>Header Files\Game\FilesManager</Filter>
    </ClInclude>
    <ClInclude Include="Game\UI\GameFont.h">
      <Filter>Header Files\Game\UI</Filter>
    </ClInclude>
    <ClInclude Include="Game\Object\Player\Player.h">
      <Filter>Header Files\Game\Object\Player</Filter>
    </ClInclude>
  </ItemGroup>
</Project>